
Microsoft Visual Studio Solution File, Format Version 12.00
# Visual Studio Version 17
VisualStudioVersion = 17.6.33815.320
MinimumVisualStudioVersion = 10.0.40219.1
Project("{FAE04EC0-301F-11D3-BF4B-00C04F79EFBC}") = "SRC_Travel", "SRC_Travel\SRC_Travel.csproj", "{14C78538-2F97-4FE4-9D84-BB1AF350D417}"
EndProject
Global
	GlobalSection(SolutionConfigurationPlatforms) = preSolution
		Debug|Any CPU = Debug|Any CPU
		Release|Any CPU = Release|Any CPU
	EndGlobalSection
	GlobalSection(ProjectConfigurationPlatforms) = postSolution
		{14C78538-2F97-4FE4-9D84-BB1AF350D417}.Debug|Any CPU.ActiveCfg = Debug|Any CPU
		{14C78538-2F97-4FE4-9D84-BB1AF350D417}.Debug|Any CPU.Build.0 = Debug|Any CPU
		{14C78538-2F97-4FE4-9D84-BB1AF350D417}.Release|Any CPU.ActiveCfg = Release|Any CPU
		{14C78538-2F97-4FE4-9D84-BB1AF350D417}.Release|Any CPU.Build.0 = Release|Any CPU
	EndGlobalSection
	GlobalSection(SolutionProperties) = preSolution
		HideSolutionNode = FALSE
	EndGlobalSection
	GlobalSection(ExtensibilityGlobals) = postSolution
		SolutionGuid = {B6ADE22F-0DBE-42DA-950A-FBD0159D03AF}
	EndGlobalSection
EndGlobal
